{
  "name": "jscborweb",
  "version": "1.0.0",
  "lockfileVersion": 1,
  "requires": true,
  "dependencies": {
    "cbor-web": {
      "version": "7.0.5",
      "resolved": "https://registry.npmjs.org/cbor-web/-/cbor-web-7.0.5.tgz",
      "integrity": "sha512-5Eu4lG6A/8wkFRgV3gbDoYMj1tlYQ/MautPq4aPh5Ha/DFGLQtBPE/fT4kdE0ZPt8BubTV4glBnorsAM68/HJQ=="
    }
  }
}
